
Microsoft Visual Studio Solution File, Format Version 12.00
# Visual Studio Version 16
VisualStudioVersion = 16.0.29920.165
MinimumVisualStudioVersion = 10.0.40219.1
Project("{FAE04EC0-301F-11D3-BF4B-00C04F79EFBC}") = "Entidades", "Entidades.csproj", "{9A0AFD51-6F0D-4B38-A82B-E5A95F02D9CD}"
EndProject
Project("{FAE04EC0-301F-11D3-BF4B-00C04F79EFBC}") = "MiCalculadora", "..\MiCalculadora\MiCalculadora.csproj", "{5CAB6385-1E93-40E6-8E19-EC1483AF5141}"
EndProject
Global
	GlobalSection(SolutionConfigurationPlatforms) = preSolution
		Debug|Any CPU = Debug|Any CPU
		Release|Any CPU = Release|Any CPU
	EndGlobalSection
	GlobalSection(ProjectConfigurationPlatforms) = postSolution
		{9A0AFD51-6F0D-4B38-A82B-E5A95F02D9CD}.Debug|Any CPU.ActiveCfg = Debug|Any CPU
		{9A0AFD51-6F0D-4B38-A82B-E5A95F02D9CD}.Debug|Any CPU.Build.0 = Debug|Any CPU
		{9A0AFD51-6F0D-4B38-A82B-E5A95F02D9CD}.Release|Any CPU.ActiveCfg = Release|Any CPU
		{9A0AFD51-6F0D-4B38-A82B-E5A95F02D9CD}.Release|Any CPU.Build.0 = Release|Any CPU
		{5CAB6385-1E93-40E6-8E19-EC1483AF5141}.Debug|Any CPU.ActiveCfg = Debug|Any CPU
		{5CAB6385-1E93-40E6-8E19-EC1483AF5141}.Debug|Any CPU.Build.0 = Debug|Any CPU
		{5CAB6385-1E93-40E6-8E19-EC1483AF5141}.Release|Any CPU.ActiveCfg = Release|Any CPU
		{5CAB6385-1E93-40E6-8E19-EC1483AF5141}.Release|Any CPU.Build.0 = Release|Any CPU
	EndGlobalSection
	GlobalSection(SolutionProperties) = preSolution
		HideSolutionNode = FALSE
	EndGlobalSection
	GlobalSection(ExtensibilityGlobals) = postSolution
		SolutionGuid = {9A878875-9F61-4315-93EB-C1008EC0E554}
	EndGlobalSection
EndGlobal
